
Microsoft Visual Studio Solution File, Format Version 12.00
# Visual Studio 15
VisualStudioVersion = 15.0.27130.2027
MinimumVisualStudioVersion = 10.0.40219.1
Project("{FAE04EC0-301F-11D3-BF4B-00C04F79EFBC}") = "quicky.bakkers.Android", "quicky.bakkers\quicky.bakkers.Android\quicky.bakkers.Android.csproj", "{269A8A32-37D6-4037-9C05-CE3DCDE469F7}"
EndProject
Project("{D954291E-2A0B-460D-934E-DC6B0785DB48}") = "quicky.bakkers", "quicky.bakkers\quicky.bakkers\quicky.bakkers.shproj", "{F00A6758-7BBD-4EB9-85A0-39946DEB6CD3}"
EndProject
Project("{FAE04EC0-301F-11D3-BF4B-00C04F79EFBC}") = "quicky.bakkers.models", "quicky.bakkers.models\quicky.bakkers.models.csproj", "{0B7BCCF9-FD22-484E-BE04-DBB070B0349D}"
EndProject
Project("{FAE04EC0-301F-11D3-BF4B-00C04F79EFBC}") = "quicky.bakkers.services", "quicky.bakkers.services\quicky.bakkers.services.csproj", "{1BE39BAE-AC5B-42B2-9411-19E2FBF998CF}"
EndProject
Project("{FAE04EC0-301F-11D3-BF4B-00C04F79EFBC}") = "quicky.bakkers.iOS", "quicky.bakkers\quicky.bakkers.iOS\quicky.bakkers.iOS.csproj", "{A5397AC1-202D-41CE-B756-36C532CC221F}"
EndProject
Global
	GlobalSection(SharedMSBuildProjectFiles) = preSolution
		quicky.bakkers\quicky.bakkers\quicky.bakkers.projitems*{269a8a32-37d6-4037-9c05-ce3dcde469f7}*SharedItemsImports = 4
		quicky.bakkers\quicky.bakkers\quicky.bakkers.projitems*{a5397ac1-202d-41ce-b756-36c532cc221f}*SharedItemsImports = 4
		quicky.bakkers\quicky.bakkers\quicky.bakkers.projitems*{f00a6758-7bbd-4eb9-85a0-39946deb6cd3}*SharedItemsImports = 13
	EndGlobalSection
	GlobalSection(SolutionConfigurationPlatforms) = preSolution
		Ad-Hoc|Any CPU = Ad-Hoc|Any CPU
		Ad-Hoc|iPhone = Ad-Hoc|iPhone
		Ad-Hoc|iPhoneSimulator = Ad-Hoc|iPhoneSimulator
		AppStore|Any CPU = AppStore|Any CPU
		AppStore|iPhone = AppStore|iPhone
		AppStore|iPhoneSimulator = AppStore|iPhoneSimulator
		Debug|Any CPU = Debug|Any CPU
		Debug|iPhone = Debug|iPhone
		Debug|iPhoneSimulator = Debug|iPhoneSimulator
		Release|Any CPU = Release|Any CPU
		Release|iPhone = Release|iPhone
		Release|iPhoneSimulator = Release|iPhoneSimulator
	EndGlobalSection
	GlobalSection(ProjectConfigurationPlatforms) = postSolution
		{269A8A32-37D6-4037-9C05-CE3DCDE469F7}.Ad-Hoc|Any CPU.ActiveCfg = Release|Any CPU
		{269A8A32-37D6-4037-9C05-CE3DCDE469F7}.Ad-Hoc|Any CPU.Build.0 = Release|Any CPU
		{269A8A32-37D6-4037-9C05-CE3DCDE469F7}.Ad-Hoc|Any CPU.Deploy.0 = Release|Any CPU
		{269A8A32-37D6-4037-9C05-CE3DCDE469F7}.Ad-Hoc|iPhone.ActiveCfg = Release|Any CPU
		{269A8A32-37D6-4037-9C05-CE3DCDE469F7}.Ad-Hoc|iPhone.Build.0 = Release|Any CPU
		{269A8A32-37D6-4037-9C05-CE3DCDE469F7}.Ad-Hoc|iPhone.Deploy.0 = Release|Any CPU
		{269A8A32-37D6-4037-9C05-CE3DCDE469F7}.Ad-Hoc|iPhoneSimulator.ActiveCfg = Release|Any CPU
		{269A8A32-37D6-4037-9C05-CE3DCDE469F7}.Ad-Hoc|iPhoneSimulator.Build.0 = Release|Any CPU
		{269A8A32-37D6-4037-9C05-CE3DCDE469F7}.Ad-Hoc|iPhoneSimulator.Deploy.0 = Release|Any CPU
		{269A8A32-37D6-4037-9C05-CE3DCDE469F7}.AppStore|Any CPU.ActiveCfg = Release|Any CPU
		{269A8A32-37D6-4037-9C05-CE3DCDE469F7}.AppStore|Any CPU.Build.0 = Release|Any CPU
		{269A8A32-37D6-4037-9C05-CE3DCDE469F7}.AppStore|Any CPU.Deploy.0 = Release|Any CPU
		{269A8A32-37D6-4037-9C05-CE3DCDE469F7}.AppStore|iPhone.ActiveCfg = Release|Any CPU
		{269A8A32-37D6-4037-9C05-CE3DCDE469F7}.AppStore|iPhone.Build.0 = Release|Any CPU
		{269A8A32-37D6-4037-9C05-CE3DCDE469F7}.AppStore|iPhone.Deploy.0 = Release|Any CPU
		{269A8A32-37D6-4037-9C05-CE3DCDE469F7}.AppStore|iPhoneSimulator.ActiveCfg = Release|Any CPU
		{269A8A32-37D6-4037-9C05-CE3DCDE469F7}.AppStore|iPhoneSimulator.Build.0 = Release|Any CPU
		{269A8A32-37D6-4037-9C05-CE3DCDE469F7}.AppStore|iPhoneSimulator.Deploy.0 = Release|Any CPU
		{269A8A32-37D6-4037-9C05-CE3DCDE469F7}.Debug|Any CPU.ActiveCfg = Debug|Any CPU
		{269A8A32-37D6-4037-9C05-CE3DCDE469F7}.Debug|Any CPU.Build.0 = Debug|Any CPU
		{269A8A32-37D6-4037-9C05-CE3DCDE469F7}.Debug|Any CPU.Deploy.0 = Debug|Any CPU
		{269A8A32-37D6-4037-9C05-CE3DCDE469F7}.Debug|iPhone.ActiveCfg = Debug|Any CPU
		{269A8A32-37D6-4037-9C05-CE3DCDE469F7}.Debug|iPhone.Build.0 = Debug|Any CPU
		{269A8A32-37D6-4037-9C05-CE3DCDE469F7}.Debug|iPhone.Deploy.0 = Debug|Any CPU
		{269A8A32-37D6-4037-9C05-CE3DCDE469F7}.Debug|iPhoneSimulator.ActiveCfg = Debug|Any CPU
		{269A8A32-37D6-4037-9C05-CE3DCDE469F7}.Debug|iPhoneSimulator.Build.0 = Debug|Any CPU
		{269A8A32-37D6-4037-9C05-CE3DCDE469F7}.Debug|iPhoneSimulator.Deploy.0 = Debug|Any CPU
		{269A8A32-37D6-4037-9C05-CE3DCDE469F7}.Release|Any CPU.ActiveCfg = Release|Any CPU
		{269A8A32-37D6-4037-9C05-CE3DCDE469F7}.Release|Any CPU.Build.0 = Release|Any CPU
		{269A8A32-37D6-4037-9C05-CE3DCDE469F7}.Release|Any CPU.Deploy.0 = Release|Any CPU
		{269A8A32-37D6-4037-9C05-CE3DCDE469F7}.Release|iPhone.ActiveCfg = Release|Any CPU
		{269A8A32-37D6-4037-9C05-CE3DCDE469F7}.Release|iPhone.Build.0 = Release|Any CPU
		{269A8A32-37D6-4037-9C05-CE3DCDE469F7}.Release|iPhone.Deploy.0 = Release|Any CPU
		{269A8A32-37D6-4037-9C05-CE3DCDE469F7}.Release|iPhoneSimulator.ActiveCfg = Release|Any CPU
		{269A8A32-37D6-4037-9C05-CE3DCDE469F7}.Release|iPhoneSimulator.Build.0 = Release|Any CPU
		{269A8A32-37D6-4037-9C05-CE3DCDE469F7}.Release|iPhoneSimulator.Deploy.0 = Release|Any CPU
		{0B7BCCF9-FD22-484E-BE04-DBB070B0349D}.Ad-Hoc|Any CPU.ActiveCfg = Release|Any CPU
		{0B7BCCF9-FD22-484E-BE04-DBB070B0349D}.Ad-Hoc|Any CPU.Build.0 = Release|Any CPU
		{0B7BCCF9-FD22-484E-BE04-DBB070B0349D}.Ad-Hoc|iPhone.ActiveCfg = Release|Any CPU
		{0B7BCCF9-FD22-484E-BE04-DBB070B0349D}.Ad-Hoc|iPhone.Build.0 = Release|Any CPU
		{0B7BCCF9-FD22-484E-BE04-DBB070B0349D}.Ad-Hoc|iPhoneSimulator.ActiveCfg = Release|Any CPU
		{0B7BCCF9-FD22-484E-BE04-DBB070B0349D}.Ad-Hoc|iPhoneSimulator.Build.0 = Release|Any CPU
		{0B7BCCF9-FD22-484E-BE04-DBB070B0349D}.AppStore|Any CPU.ActiveCfg = Release|Any CPU
		{0B7BCCF9-FD22-484E-BE04-DBB070B0349D}.AppStore|Any CPU.Build.0 = Release|Any CPU
		{0B7BCCF9-FD22-484E-BE04-DBB070B0349D}.AppStore|iPhone.ActiveCfg = Release|Any CPU
		{0B7BCCF9-FD22-484E-BE04-DBB070B0349D}.AppStore|iPhone.Build.0 = Release|Any CPU
		{0B7BCCF9-FD22-484E-BE04-DBB070B0349D}.AppStore|iPhoneSimulator.ActiveCfg = Release|Any CPU
		{0B7BCCF9-FD22-484E-BE04-DBB070B0349D}.AppStore|iPhoneSimulator.Build.0 = Release|Any CPU
		{0B7BCCF9-FD22-484E-BE04-DBB070B0349D}.Debug|Any CPU.ActiveCfg = Debug|Any CPU
		{0B7BCCF9-FD22-484E-BE04-DBB070B0349D}.Debug|Any CPU.Build.0 = Debug|Any CPU
		{0B7BCCF9-FD22-484E-BE04-DBB070B0349D}.Debug|iPhone.ActiveCfg = Debug|Any CPU
		{0B7BCCF9-FD22-484E-BE04-DBB070B0349D}.Debug|iPhone.Build.0 = Debug|Any CPU
		{0B7BCCF9-FD22-484E-BE04-DBB070B0349D}.Debug|iPhoneSimulator.ActiveCfg = Debug|Any CPU
		{0B7BCCF9-FD22-484E-BE04-DBB070B0349D}.Debug|iPhoneSimulator.Build.0 = Debug|Any CPU
		{0B7BCCF9-FD22-484E-BE04-DBB070B0349D}.Release|Any CPU.ActiveCfg = Release|Any CPU
		{0B7BCCF9-FD22-484E-BE04-DBB070B0349D}.Release|Any CPU.Build.0 = Release|Any CPU
		{0B7BCCF9-FD22-484E-BE04-DBB070B0349D}.Release|iPhone.ActiveCfg = Release|Any CPU
		{0B7BCCF9-FD22-484E-BE04-DBB070B0349D}.Release|iPhone.Build.0 = Release|Any CPU
		{0B7BCCF9-FD22-484E-BE04-DBB070B0349D}.Release|iPhoneSimulator.ActiveCfg = Release|Any CPU
		{0B7BCCF9-FD22-484E-BE04-DBB070B0349D}.Release|iPhoneSimulator.Build.0 = Release|Any CPU
		{1BE39BAE-AC5B-42B2-9411-19E2FBF998CF}.Ad-Hoc|Any CPU.ActiveCfg = Release|Any CPU
		{1BE39BAE-AC5B-42B2-9411-19E2FBF998CF}.Ad-Hoc|Any CPU.Build.0 = Release|Any CPU
		{1BE39BAE-AC5B-42B2-9411-19E2FBF998CF}.Ad-Hoc|iPhone.ActiveCfg = Release|Any CPU
		{1BE39BAE-AC5B-42B2-9411-19E2FBF998CF}.Ad-Hoc|iPhone.Build.0 = Release|Any CPU
		{1BE39BAE-AC5B-42B2-9411-19E2FBF998CF}.Ad-Hoc|iPhoneSimulator.ActiveCfg = Release|Any CPU
		{1BE39BAE-AC5B-42B2-9411-19E2FBF998CF}.Ad-Hoc|iPhoneSimulator.Build.0 = Release|Any CPU
		{1BE39BAE-AC5B-42B2-9411-19E2FBF998CF}.AppStore|Any CPU.ActiveCfg = Release|Any CPU
		{1BE39BAE-AC5B-42B2-9411-19E2FBF998CF}.AppStore|Any CPU.Build.0 = Release|Any CPU
		{1BE39BAE-AC5B-42B2-9411-19E2FBF998CF}.AppStore|iPhone.ActiveCfg = Release|Any CPU
		{1BE39BAE-AC5B-42B2-9411-19E2FBF998CF}.AppStore|iPhone.Build.0 = Release|Any CPU
		{1BE39BAE-AC5B-42B2-9411-19E2FBF998CF}.AppStore|iPhoneSimulator.ActiveCfg = Release|Any CPU
		{1BE39BAE-AC5B-42B2-9411-19E2FBF998CF}.AppStore|iPhoneSimulator.Build.0 = Release|Any CPU
		{1BE39BAE-AC5B-42B2-9411-19E2FBF998CF}.Debug|Any CPU.ActiveCfg = Debug|Any CPU
		{1BE39BAE-AC5B-42B2-9411-19E2FBF998CF}.Debug|Any CPU.Build.0 = Debug|Any CPU
		{1BE39BAE-AC5B-42B2-9411-19E2FBF998CF}.Debug|iPhone.ActiveCfg = Debug|Any CPU
		{1BE39BAE-AC5B-42B2-9411-19E2FBF998CF}.Debug|iPhone.Build.0 = Debug|Any CPU
		{1BE39BAE-AC5B-42B2-9411-19E2FBF998CF}.Debug|iPhoneSimulator.ActiveCfg = Debug|Any CPU
		{1BE39BAE-AC5B-42B2-9411-19E2FBF998CF}.Debug|iPhoneSimulator.Build.0 = Debug|Any CPU
		{1BE39BAE-AC5B-42B2-9411-19E2FBF998CF}.Release|Any CPU.ActiveCfg = Release|Any CPU
		{1BE39BAE-AC5B-42B2-9411-19E2FBF998CF}.Release|Any CPU.Build.0 = Release|Any CPU
		{1BE39BAE-AC5B-42B2-9411-19E2FBF998CF}.Release|iPhone.ActiveCfg = Release|Any CPU
		{1BE39BAE-AC5B-42B2-9411-19E2FBF998CF}.Release|iPhone.Build.0 = Release|Any CPU
		{1BE39BAE-AC5B-42B2-9411-19E2FBF998CF}.Release|iPhoneSimulator.ActiveCfg = Release|Any CPU
		{1BE39BAE-AC5B-42B2-9411-19E2FBF998CF}.Release|iPhoneSimulator.Build.0 = Release|Any CPU
		{A5397AC1-202D-41CE-B756-36C532CC221F}.Ad-Hoc|Any CPU.ActiveCfg = Ad-Hoc|iPhone
		{A5397AC1-202D-41CE-B756-36C532CC221F}.Ad-Hoc|iPhone.ActiveCfg = Ad-Hoc|iPhone
		{A5397AC1-202D-41CE-B756-36C532CC221F}.Ad-Hoc|iPhone.Build.0 = Ad-Hoc|iPhone
		{A5397AC1-202D-41CE-B756-36C532CC221F}.Ad-Hoc|iPhoneSimulator.ActiveCfg = Ad-Hoc|iPhoneSimulator
		{A5397AC1-202D-41CE-B756-36C532CC221F}.Ad-Hoc|iPhoneSimulator.Build.0 = Ad-Hoc|iPhoneSimulator
		{A5397AC1-202D-41CE-B756-36C532CC221F}.AppStore|Any CPU.ActiveCfg = AppStore|iPhone
		{A5397AC1-202D-41CE-B756-36C532CC221F}.AppStore|iPhone.ActiveCfg = AppStore|iPhone
		{A5397AC1-202D-41CE-B756-36C532CC221F}.AppStore|iPhone.Build.0 = AppStore|iPhone
		{A5397AC1-202D-41CE-B756-36C532CC221F}.AppStore|iPhoneSimulator.ActiveCfg = AppStore|iPhoneSimulator
		{A5397AC1-202D-41CE-B756-36C532CC221F}.AppStore|iPhoneSimulator.Build.0 = AppStore|iPhoneSimulator
		{A5397AC1-202D-41CE-B756-36C532CC221F}.Debug|Any CPU.ActiveCfg = Debug|iPhone
		{A5397AC1-202D-41CE-B756-36C532CC221F}.Debug|iPhone.ActiveCfg = Debug|iPhone
		{A5397AC1-202D-41CE-B756-36C532CC221F}.Debug|iPhone.Build.0 = Debug|iPhone
		{A5397AC1-202D-41CE-B756-36C532CC221F}.Debug|iPhoneSimulator.ActiveCfg = Debug|iPhoneSimulator
		{A5397AC1-202D-41CE-B756-36C532CC221F}.Debug|iPhoneSimulator.Build.0 = Debug|iPhoneSimulator
		{A5397AC1-202D-41CE-B756-36C532CC221F}.Release|Any CPU.ActiveCfg = Release|iPhone
		{A5397AC1-202D-41CE-B756-36C532CC221F}.Release|iPhone.ActiveCfg = Release|iPhone
		{A5397AC1-202D-41CE-B756-36C532CC221F}.Release|iPhone.Build.0 = Release|iPhone
		{A5397AC1-202D-41CE-B756-36C532CC221F}.Release|iPhoneSimulator.ActiveCfg = Release|iPhoneSimulator
		{A5397AC1-202D-41CE-B756-36C532CC221F}.Release|iPhoneSimulator.Build.0 = Release|iPhoneSimulator
	EndGlobalSection
	GlobalSection(SolutionProperties) = preSolution
		HideSolutionNode = FALSE
	EndGlobalSection
	GlobalSection(ExtensibilityGlobals) = postSolution
		SolutionGuid = {06EEAB26-9E80-4DAC-9A33-4C9BB730B700}
	EndGlobalSection
EndGlobal
